{
  "requires": true,
  "lockfileVersion": 1,
  "dependencies": {
    "highlightjs": {
      "version": "9.16.2",
      "resolved": "https://registry.npmjs.org/highlightjs/-/highlightjs-9.16.2.tgz",
      "integrity": "sha512-FK1vmMj8BbEipEy8DLIvp71t5UsC7n2D6En/UfM/91PCwmOpj6f2iu0Y0coRC62KSRHHC+dquM2xMULV/X7NFg=="
    },
    "liquor-tree": {
      "version": "0.2.70",
      "resolved": "https://registry.npmjs.org/liquor-tree/-/liquor-tree-0.2.70.tgz",
      "integrity": "sha512-5CiMlDVmuveYwwc27mYe1xZ3J4aHhZBErUhIp9ov4v4wIBso+s5JAByOOit4iOCMCQ5ODd8VggbKymzZREYbBQ=="
    }
  }
}
